[[package]]
category = "main"
description = "behave is behaviour-driven development, Python style"
name = "behave"
optional = false
python-versions = ">=2.6, !=3.0.*, !=3.1.*, !=3.2.*"
version = "1.2.6"

[package.dependencies]
parse = ">=1.8.2"
parse-type = ">=0.4.2"
six = ">=1.11"

[package.extras]
develop = ["coverage", "pytest (>=3.0)", "pytest-cov", "tox", "invoke (>=0.21.0)", "path.py (>=8.1.2)", "pycmd", "pathlib", "modernize (>=0.5)", "pylint"]
docs = ["sphinx (>=1.6)", "sphinx-bootstrap-theme (>=0.6)"]

[[package]]
category = "main"
description = "Integrates pytest asserts with behave"
name = "behave-pytest"
optional = false
python-versions = "*"
version = "0.1.1"

[package.dependencies]
behave = "*"
pytest = "*"

[[package]]
category = "main"
description = "Cross-platform colored terminal text."
marker = "sys_platform == \"win32\""
name = "colorama"
optional = false
python-versions = ">=2.7, !=3.0.*, !=3.1.*, !=3.2.*, !=3.3.*, !=3.4.*"
version = "0.4.3"

[[package]]
category = "main"
description = "parse() is the opposite of format()"
name = "parse"
optional = false
python-versions = "*"
version = "1.14.0"

[[package]]
category = "main"
description = "Simplifies to build parse types based on the parse module"
name = "parse-type"
optional = false
python-versions = ">=2.6, !=3.0.*, !=3.1.*"
version = "0.5.2"

[package.dependencies]
parse = ">=1.8.4"
six = ">=1.11"

[package.extras]
develop = ["coverage (>=4.4)", "pytest (>=3.2)", "pytest-cov", "tox (>=2.8)"]
docs = ["sphinx (>=1.2)"]

[[package]]
category = "main"
description = "library with cross-python path, ini-parsing, io, code, log facilities"
name = "py"
optional = false
python-versions = ">=2.7, !=3.0.*, !=3.1.*, !=3.2.*, !=3.3.*"
version = "1.8.1"

[[package]]
category = "main"
description = "pytest: simple powerful testing with Python"
name = "pytest"
optional = false
python-versions = "*"
version = "2.9.2"

[package.dependencies]
colorama = "*"
py = ">=1.4.29"

[[package]]
category = "main"
description = "Python 2 and 3 compatibility utilities"
name = "six"
optional = false
python-versions = ">=2.7, !=3.0.*, !=3.1.*, !=3.2.*"
version = "1.14.0"

[metadata]
content-hash = "b286e4d35018f9f97f5a2b863a05c30ba16b4bc5cf5bd4b3c8dc003b5a9b7d4c"
python-versions = "^3.8"

[metadata.files]
behave = [
    {file = "behave-1.2.6-py2.py3-none-any.whl", hash = "sha256:ebda1a6c9e5bfe95c5f9f0a2794e01c7098b3dde86c10a95d8621c5907ff6f1c"},
    {file = "behave-1.2.6.tar.gz", hash = "sha256:b9662327aa53294c1351b0a9c369093ccec1d21026f050c3bd9b3e5cccf81a86"},
]
behave-pytest = [
    {file = "behave-pytest-0.1.1.tar.gz", hash = "sha256:4d597e849a58f26fd9699ce71d8c965f25e7d196afa2ddd243154ce067e02c21"},
]
colorama = [
    {file = "colorama-0.4.3-py2.py3-none-any.whl", hash = "sha256:7d73d2a99753107a36ac6b455ee49046802e59d9d076ef8e47b61499fa29afff"},
    {file = "colorama-0.4.3.tar.gz", hash = "sha256:e96da0d330793e2cb9485e9ddfd918d456036c7149416295932478192f4436a1"},
]
parse = [
    {file = "parse-1.14.0.tar.gz", hash = "sha256:95a4f4469e37c57b5e924629ac99926f28bee7da59515dc5b8078c4c3e779249"},
]
parse-type = [
    {file = "parse_type-0.5.2-py2.py3-none-any.whl", hash = "sha256:089a471b06327103865dfec2dd844230c3c658a4a1b5b4c8b6c16c8f77577f9e"},
    {file = "parse_type-0.5.2.tar.gz", hash = "sha256:7f690b18d35048c15438d6d0571f9045cffbec5907e0b1ccf006f889e3a38c0b"},
]
py = [
    {file = "py-1.8.1-py2.py3-none-any.whl", hash = "sha256:c20fdd83a5dbc0af9efd622bee9a5564e278f6380fffcacc43ba6f43db2813b0"},
    {file = "py-1.8.1.tar.gz", hash = "sha256:5e27081401262157467ad6e7f851b7aa402c5852dbcb3dae06768434de5752aa"},
]
pytest = [
    {file = "pytest-2.9.2-py2.py3-none-any.whl", hash = "sha256:ccc23b4aab3ef3e19e731de9baca73f3b1a7e610d9ec65b28c36a5a3305f0349"},
    {file = "pytest-2.9.2.tar.gz", hash = "sha256:12c18abb9a09a5b2802dba75c7a2d7d6c8c0f1258abd8243e7688415d87ad1d8"},
]
six = [
    {file = "six-1.14.0-py2.py3-none-any.whl", hash = "sha256:8f3cd2e254d8f793e7f3d6d9df77b92252b52637291d0f0da013c76ea2724b6c"},
    {file = "six-1.14.0.tar.gz", hash = "sha256:236bdbdce46e6e6a3d61a337c0f8b763ca1e8717c03b369e87a7ec7ce1319c0a"},
]
